
Microsoft Visual Studio Solution File, Format Version 12.00
# Visual Studio Version 16
VisualStudioVersion = 16.0.29926.136
MinimumVisualStudioVersion = 10.0.40219.1
Project("{8BC9CEB8-8B4A-11D0-8D11-00A0C91BC942}") = "Slab_decomposition", "Slab_decomposition\Slab_decomposition.vcxproj", "{8DD8F803-F332-4720-A726-F8AA37E8BBA2}"
EndProject
Project("{8BC9CEB8-8B4A-11D0-8D11-00A0C91BC942}") = "Trapezoidal_decomposition", "Trapezoidal_decomposition\Trapezoidal_decomposition.vcxproj", "{EECEF23D-01DB-4971-9492-5EE5FCB4E081}"
EndProject
Project("{8BC9CEB8-8B4A-11D0-8D11-00A0C91BC942}") = "Framework", "simple_framework_for_2d_graphics_labs\Framework\Framework.vcxproj", "{76892A50-816C-4996-9F13-DC32E77C90BD}"
EndProject
Project("{8BC9CEB8-8B4A-11D0-8D11-00A0C91BC942}") = "QuickHull", "QuickHull\QuickHull.vcxproj", "{5F0DB136-CC51-4E14-A7A5-85A058E5B80A}"
EndProject
Project("{8BC9CEB8-8B4A-11D0-8D11-00A0C91BC942}") = "DivideAndConquer", "DivideAndConquer\DivideAndConquer.vcxproj", "{3E72C0E8-0439-4EF6-92B8-CF9A584B618C}"
EndProject
Project("{8BC9CEB8-8B4A-11D0-8D11-00A0C91BC942}") = "ConvexHullOfASimplePolygon", "ConvexHullOfASimplePolygon\ConvexHullOfASimplePolygon.vcxproj", "{ABC60EE2-9432-4995-BBF0-5682EAE1ABBE}"
EndProject
Global
	GlobalSection(SolutionConfigurationPlatforms) = preSolution
		Debug|x64 = Debug|x64
		Debug|x86 = Debug|x86
		Release|x64 = Release|x64
		Release|x86 = Release|x86
	EndGlobalSection
	GlobalSection(ProjectConfigurationPlatforms) = postSolution
		{8DD8F803-F332-4720-A726-F8AA37E8BBA2}.Debug|x64.ActiveCfg = Debug|x64
		{8DD8F803-F332-4720-A726-F8AA37E8BBA2}.Debug|x64.Build.0 = Debug|x64
		{8DD8F803-F332-4720-A726-F8AA37E8BBA2}.Debug|x86.ActiveCfg = Debug|x64
		{8DD8F803-F332-4720-A726-F8AA37E8BBA2}.Release|x64.ActiveCfg = Release|x64
		{8DD8F803-F332-4720-A726-F8AA37E8BBA2}.Release|x64.Build.0 = Release|x64
		{8DD8F803-F332-4720-A726-F8AA37E8BBA2}.Release|x86.ActiveCfg = Release|x64
		{EECEF23D-01DB-4971-9492-5EE5FCB4E081}.Debug|x64.ActiveCfg = Debug|x64
		{EECEF23D-01DB-4971-9492-5EE5FCB4E081}.Debug|x64.Build.0 = Debug|x64
		{EECEF23D-01DB-4971-9492-5EE5FCB4E081}.Debug|x86.ActiveCfg = Debug|x64
		{EECEF23D-01DB-4971-9492-5EE5FCB4E081}.Release|x64.ActiveCfg = Release|x64
		{EECEF23D-01DB-4971-9492-5EE5FCB4E081}.Release|x64.Build.0 = Release|x64
		{EECEF23D-01DB-4971-9492-5EE5FCB4E081}.Release|x86.ActiveCfg = Release|x64
		{76892A50-816C-4996-9F13-DC32E77C90BD}.Debug|x64.ActiveCfg = Debug|x64
		{76892A50-816C-4996-9F13-DC32E77C90BD}.Debug|x64.Build.0 = Debug|x64
		{76892A50-816C-4996-9F13-DC32E77C90BD}.Debug|x86.ActiveCfg = Debug|x64
		{76892A50-816C-4996-9F13-DC32E77C90BD}.Release|x64.ActiveCfg = Release|x64
		{76892A50-816C-4996-9F13-DC32E77C90BD}.Release|x64.Build.0 = Release|x64
		{76892A50-816C-4996-9F13-DC32E77C90BD}.Release|x86.ActiveCfg = Release|x64
		{5F0DB136-CC51-4E14-A7A5-85A058E5B80A}.Debug|x64.ActiveCfg = Debug|x64
		{5F0DB136-CC51-4E14-A7A5-85A058E5B80A}.Debug|x64.Build.0 = Debug|x64
		{5F0DB136-CC51-4E14-A7A5-85A058E5B80A}.Debug|x86.ActiveCfg = Debug|x64
		{5F0DB136-CC51-4E14-A7A5-85A058E5B80A}.Release|x64.ActiveCfg = Release|x64
		{5F0DB136-CC51-4E14-A7A5-85A058E5B80A}.Release|x64.Build.0 = Release|x64
		{5F0DB136-CC51-4E14-A7A5-85A058E5B80A}.Release|x86.ActiveCfg = Release|x64
		{3E72C0E8-0439-4EF6-92B8-CF9A584B618C}.Debug|x64.ActiveCfg = Debug|x64
		{3E72C0E8-0439-4EF6-92B8-CF9A584B618C}.Debug|x64.Build.0 = Debug|x64
		{3E72C0E8-0439-4EF6-92B8-CF9A584B618C}.Debug|x86.ActiveCfg = Debug|x64
		{3E72C0E8-0439-4EF6-92B8-CF9A584B618C}.Release|x64.ActiveCfg = Release|x64
		{3E72C0E8-0439-4EF6-92B8-CF9A584B618C}.Release|x64.Build.0 = Release|x64
		{3E72C0E8-0439-4EF6-92B8-CF9A584B618C}.Release|x86.ActiveCfg = Release|x64
		{ABC60EE2-9432-4995-BBF0-5682EAE1ABBE}.Debug|x64.ActiveCfg = Debug|x64
		{ABC60EE2-9432-4995-BBF0-5682EAE1ABBE}.Debug|x64.Build.0 = Debug|x64
		{ABC60EE2-9432-4995-BBF0-5682EAE1ABBE}.Debug|x86.ActiveCfg = Debug|x64
		{ABC60EE2-9432-4995-BBF0-5682EAE1ABBE}.Release|x64.ActiveCfg = Release|x64
		{ABC60EE2-9432-4995-BBF0-5682EAE1ABBE}.Release|x64.Build.0 = Release|x64
		{ABC60EE2-9432-4995-BBF0-5682EAE1ABBE}.Release|x86.ActiveCfg = Release|x64
	EndGlobalSection
	GlobalSection(SolutionProperties) = preSolution
		HideSolutionNode = FALSE
	EndGlobalSection
	GlobalSection(ExtensibilityGlobals) = postSolution
		SolutionGuid = {8EFC487A-120E-4BB7-9181-F08E87B1566E}
	EndGlobalSection
EndGlobal
